// !$*UTF8*$!
{
	archiveVersion = 1;
	classes = {
	};
	objectVersion = 52;
	objects = {

/* Begin PBXBuildFile section */
		3C20953C27004F4700355774 /* lottie-background.json in Resources */ = {isa = PBXBuildFile; fileRef = 3C20953927004F4700355774 /* lottie-background.json */; };
		3C2B9D192711687200857CAD /* Strings.swift in Sources */ = {isa = PBXBuildFile; fileRef = 3C2B9D182711687200857CAD /* Strings.swift */; };
		3C83A98526FCE3A400A7CDAB /* TriviaApp.swift in Sources */ = {isa = PBXBuildFile; fileRef = 3C83A98426FCE3A400A7CDAB /* TriviaApp.swift */; };
		3C83A98726FCE3A400A7CDAB /* QuizView.swift in Sources */ = {isa = PBXBuildFile; fileRef = 3C83A98626FCE3A400A7CDAB /* QuizView.swift */; };
		3C83A98926FCE3A600A7CDAB /* Assets.xcassets in Resources */ = {isa = PBXBuildFile; fileRef = 3C83A98826FCE3A600A7CDAB /* Assets.xcassets */; };
		3C83A98C26FCE3A600A7CDAB /* Preview Assets.xcassets in Resources */ = {isa = PBXBuildFile; fileRef = 3C83A98B26FCE3A600A7CDAB /* Preview Assets.xcassets */; };
		3C83A9A226FCE3A600A7CDAB /* LobbyUITests.swift in Sources */ = {isa = PBXBuildFile; fileRef = 3C83A9A126FCE3A600A7CDAB /* LobbyUITests.swift */; };
		3C83A9B126FCE3E600A7CDAB /* QuizResponse.swift in Sources */ = {isa = PBXBuildFile; fileRef = 3C83A9B026FCE3E600A7CDAB /* QuizResponse.swift */; };
		3C83A9B426FCE43D00A7CDAB /* HttpClient.swift in Sources */ = {isa = PBXBuildFile; fileRef = 3C83A9B326FCE43D00A7CDAB /* HttpClient.swift */; };
		3C83A9B626FCE45F00A7CDAB /* LobbyAPI.swift in Sources */ = {isa = PBXBuildFile; fileRef = 3C83A9B526FCE45F00A7CDAB /* LobbyAPI.swift */; };
		3C83A9BD26FCE63F00A7CDAB /* Swinject in Frameworks */ = {isa = PBXBuildFile; productRef = 3C83A9BC26FCE63F00A7CDAB /* Swinject */; };
		3C8496872719CCE00031C09B /* StorageService.swift in Sources */ = {isa = PBXBuildFile; fileRef = 3C8496862719CCE00031C09B /* StorageService.swift */; };
		3C8496892719D16C0031C09B /* StorageServiceTests.swift in Sources */ = {isa = PBXBuildFile; fileRef = 3C8496882719D16C0031C09B /* StorageServiceTests.swift */; };
		3C8CEF7D273F9A7B00397283 /* QuizResult.swift in Sources */ = {isa = PBXBuildFile; fileRef = 3C8CEF7C273F9A7B00397283 /* QuizResult.swift */; };
		3C8CEF7F273F9CED00397283 /* ResultViewModel.swift in Sources */ = {isa = PBXBuildFile; fileRef = 3C8CEF7E273F9CED00397283 /* ResultViewModel.swift */; };
		3C8CEF82273F9D8900397283 /* ResultContainer.swift in Sources */ = {isa = PBXBuildFile; fileRef = 3C8CEF81273F9D8900397283 /* ResultContainer.swift */; };
		3CA4DE0027076886008CE27C /* LobbyView.swift in Sources */ = {isa = PBXBuildFile; fileRef = 3CA4DDFF27076886008CE27C /* LobbyView.swift */; };
		3CF225BD271C01350048CBCE /* TriviaQuestionUi.swift in Sources */ = {isa = PBXBuildFile; fileRef = 3CF225BC271C01350048CBCE /* TriviaQuestionUi.swift */; };
		3CF27A572710BE8500105080 /* Colors.swift in Sources */ = {isa = PBXBuildFile; fileRef = 3CF27A562710BE8500105080 /* Colors.swift */; };
		3CF5A64D26FF00BA003812FF /* Result.swift in Sources */ = {isa = PBXBuildFile; fileRef = 3CF5A64C26FF00BA003812FF /* Result.swift */; };
		3CF5A65026FF07EE003812FF /* Lottie in Frameworks */ = {isa = PBXBuildFile; productRef = 3CF5A64F26FF07EE003812FF /* Lottie */; };
		3CF5A65226FF08D4003812FF /* LottieView.swift in Sources */ = {isa = PBXBuildFile; fileRef = 3CF5A65126FF08D4003812FF /* LottieView.swift */; };
		3CF9CCA12708A8B100461E02 /* LobbyViewModel.swift in Sources */ = {isa = PBXBuildFile; fileRef = 3CF9CCA02708A8B100461E02 /* LobbyViewModel.swift */; };
		3CF9CCA52708A8E200461E02 /* LobbyState.swift in Sources */ = {isa = PBXBuildFile; fileRef = 3CF9CCA42708A8E200461E02 /* LobbyState.swift */; };
		3CF9CCA82708A9A700461E02 /* LobbyContainer.swift in Sources */ = {isa = PBXBuildFile; fileRef = 3CF9CCA72708A9A700461E02 /* LobbyContainer.swift */; };
		3CF9CCAC2708B16B00461E02 /* lottie-quiz-generation.json in Resources */ = {isa = PBXBuildFile; fileRef = 3CF9CCAB2708B16B00461E02 /* lottie-quiz-generation.json */; };
		3CFA1EBB2708D449003560A9 /* LobbyViewModelTests.swift in Sources */ = {isa = PBXBuildFile; fileRef = 3CFA1EBA2708D449003560A9 /* LobbyViewModelTests.swift */; };
		3CFA1EBD2708D986003560A9 /* QuizViewModelTests.swift in Sources */ = {isa = PBXBuildFile; fileRef = 3CFA1EBC2708D986003560A9 /* QuizViewModelTests.swift */; };
		3CFA1EBF2708DCFA003560A9 /* LobbyAPIProviding.swift in Sources */ = {isa = PBXBuildFile; fileRef = 3CFA1EBE2708DCFA003560A9 /* LobbyAPIProviding.swift */; };
		3CFA1EC22708DDFC003560A9 /* StubLobbyApi.swift in Sources */ = {isa = PBXBuildFile; fileRef = 3CFA1EC12708DDFC003560A9 /* StubLobbyApi.swift */; };
		3CFA1EC52708E0FD003560A9 /* Fakes.swift in Sources */ = {isa = PBXBuildFile; fileRef = 3CFA1EC42708E0FD003560A9 /* Fakes.swift */; };
		3CFAA6982710205700295EE4 /* QuizGameContainer.swift in Sources */ = {isa = PBXBuildFile; fileRef = 3CFAA6972710205700295EE4 /* QuizGameContainer.swift */; };
		3CFAA69A2710217200295EE4 /* QuizViewModel.swift in Sources */ = {isa = PBXBuildFile; fileRef = 3CFAA6992710217200295EE4 /* QuizViewModel.swift */; };
		3CFC590A27081FC800432D4E /* lottie-quiz-logo.json in Resources */ = {isa = PBXBuildFile; fileRef = 3CFC590927081FC800432D4E /* lottie-quiz-logo.json */; };
		3CFC80D72700324F00141AF8 /* QuizQuestionsNetworkToUiMapper.swift in Sources */ = {isa = PBXBuildFile; fileRef = 3CFC80D62700324F00141AF8 /* QuizQuestionsNetworkToUiMapper.swift */; };
		3CFC80DC270039E600141AF8 /* StringUtils.swift in Sources */ = {isa = PBXBuildFile; fileRef = 3CFC80DB270039E600141AF8 /* StringUtils.swift */; };
		3CFC80DE27003A0F00141AF8 /* DataUtils.swift in Sources */ = {isa = PBXBuildFile; fileRef = 3CFC80DD27003A0F00141AF8 /* DataUtils.swift */; };
		3CFE76CF270F444300A4EB95 /* ResultView.swift in Sources */ = {isa = PBXBuildFile; fileRef = 3CFE76CE270F444300A4EB95 /* ResultView.swift */; };
/* End PBXBuildFile section */

/* Begin PBXContainerItemProxy section */
		3C83A99326FCE3A600A7CDAB /* PBXContainerItemProxy */ = {
			isa = PBXContainerItemProxy;
			containerPortal = 3C83A97926FCE3A400A7CDAB /* Project object */;
			proxyType = 1;
			remoteGlobalIDString = 3C83A98026FCE3A400A7CDAB;
			remoteInfo = RickAndMorty;
		};
		3C83A99E26FCE3A600A7CDAB /* PBXContainerItemProxy */ = {
			isa = PBXContainerItemProxy;
			containerPortal = 3C83A97926FCE3A400A7CDAB /* Project object */;
			proxyType = 1;
			remoteGlobalIDString = 3C83A98026FCE3A400A7CDAB;
			remoteInfo = RickAndMorty;
		};
/* End PBXContainerItemProxy section */

/* Begin PBXFileReference section */
		3C20953927004F4700355774 /* lottie-background.json */ = {isa = PBXFileReference; fileEncoding = 4; lastKnownFileType = text.json; path = "lottie-background.json"; sourceTree = "<group>"; };
		3C2B9D182711687200857CAD /* Strings.swift */ = {isa = PBXFileReference; lastKnownFileType = sourcecode.swift; path = Strings.swift; sourceTree = "<group>"; };
		3C83A98126FCE3A400A7CDAB /* Trivia.app */ = {isa = PBXFileReference; explicitFileType = wrapper.application; includeInIndex = 0; path = Trivia.app; sourceTree = BUILT_PRODUCTS_DIR; };
		3C83A98426FCE3A400A7CDAB /* TriviaApp.swift */ = {isa = PBXFileReference; lastKnownFileType = sourcecode.swift; path = TriviaApp.swift; sourceTree = "<group>"; };
		3C83A98626FCE3A400A7CDAB /* QuizView.swift */ = {isa = PBXFileReference; lastKnownFileType = sourcecode.swift; path = QuizView.swift; sourceTree = "<group>"; };
		3C83A98826FCE3A600A7CDAB /* Assets.xcassets */ = {isa = PBXFileReference; lastKnownFileType = folder.assetcatalog; path = Assets.xcassets; sourceTree = "<group>"; };
		3C83A98B26FCE3A600A7CDAB /* Preview Assets.xcassets */ = {isa = PBXFileReference; lastKnownFileType = folder.assetcatalog; path = "Preview Assets.xcassets"; sourceTree = "<group>"; };
		3C83A98D26FCE3A600A7CDAB /* Info.plist */ = {isa = PBXFileReference; lastKnownFileType = text.plist.xml; path = Info.plist; sourceTree = "<group>"; };
		3C83A99226FCE3A600A7CDAB /* TriviaTests.xctest */ = {isa = PBXFileReference; explicitFileType = wrapper.cfbundle; includeInIndex = 0; path = TriviaTests.xctest; sourceTree = BUILT_PRODUCTS_DIR; };
		3C83A99826FCE3A600A7CDAB /* Info.plist */ = {isa = PBXFileReference; lastKnownFileType = text.plist.xml; path = Info.plist; sourceTree = "<group>"; };
		3C83A99D26FCE3A600A7CDAB /* TriviaUITests.xctest */ = {isa = PBXFileReference; explicitFileType = wrapper.cfbundle; includeInIndex = 0; path = TriviaUITests.xctest; sourceTree = BUILT_PRODUCTS_DIR; };
		3C83A9A126FCE3A600A7CDAB /* LobbyUITests.swift */ = {isa = PBXFileReference; lastKnownFileType = sourcecode.swift; path = LobbyUITests.swift; sourceTree = "<group>"; };
		3C83A9A326FCE3A600A7CDAB /* Info.plist */ = {isa = PBXFileReference; lastKnownFileType = text.plist.xml; path = Info.plist; sourceTree = "<group>"; };
		3C83A9B026FCE3E600A7CDAB /* QuizResponse.swift */ = {isa = PBXFileReference; lastKnownFileType = sourcecode.swift; path = QuizResponse.swift; sourceTree = "<group>"; };
		3C83A9B326FCE43D00A7CDAB /* HttpClient.swift */ = {isa = PBXFileReference; lastKnownFileType = sourcecode.swift; path = HttpClient.swift; sourceTree = "<group>"; };
		3C83A9B526FCE45F00A7CDAB /* LobbyAPI.swift */ = {isa = PBXFileReference; lastKnownFileType = sourcecode.swift; path = LobbyAPI.swift; sourceTree = "<group>"; };
		3C8496862719CCE00031C09B /* StorageService.swift */ = {isa = PBXFileReference; lastKnownFileType = sourcecode.swift; path = StorageService.swift; sourceTree = "<group>"; };
		3C8496882719D16C0031C09B /* StorageServiceTests.swift */ = {isa = PBXFileReference; lastKnownFileType = sourcecode.swift; path = StorageServiceTests.swift; sourceTree = "<group>"; };
		3C8CEF7C273F9A7B00397283 /* QuizResult.swift */ = {isa = PBXFileReference; lastKnownFileType = sourcecode.swift; path = QuizResult.swift; sourceTree = "<group>"; };
		3C8CEF7E273F9CED00397283 /* ResultViewModel.swift */ = {isa = PBXFileReference; lastKnownFileType = sourcecode.swift; path = ResultViewModel.swift; sourceTree = "<group>"; };
		3C8CEF81273F9D8900397283 /* ResultContainer.swift */ = {isa = PBXFileReference; lastKnownFileType = sourcecode.swift; path = ResultContainer.swift; sourceTree = "<group>"; };
		3CA4DDFF27076886008CE27C /* LobbyView.swift */ = {isa = PBXFileReference; lastKnownFileType = sourcecode.swift; path = LobbyView.swift; sourceTree = "<group>"; };
		3CF225BC271C01350048CBCE /* TriviaQuestionUi.swift */ = {isa = PBXFileReference; lastKnownFileType = sourcecode.swift; path = TriviaQuestionUi.swift; sourceTree = "<group>"; };
		3CF27A562710BE8500105080 /* Colors.swift */ = {isa = PBXFileReference; lastKnownFileType = sourcecode.swift; path = Colors.swift; sourceTree = "<group>"; };
		3CF5A64C26FF00BA003812FF /* Result.swift */ = {isa = PBXFileReference; lastKnownFileType = sourcecode.swift; path = Result.swift; sourceTree = "<group>"; };
		3CF5A65126FF08D4003812FF /* LottieView.swift */ = {isa = PBXFileReference; lastKnownFileType = sourcecode.swift; path = LottieView.swift; sourceTree = "<group>"; };
		3CF9CCA02708A8B100461E02 /* LobbyViewModel.swift */ = {isa = PBXFileReference; lastKnownFileType = sourcecode.swift; path = LobbyViewModel.swift; sourceTree = "<group>"; };
		3CF9CCA42708A8E200461E02 /* LobbyState.swift */ = {isa = PBXFileReference; lastKnownFileType = sourcecode.swift; path = LobbyState.swift; sourceTree = "<group>"; };
		3CF9CCA72708A9A700461E02 /* LobbyContainer.swift */ = {isa = PBXFileReference; lastKnownFileType = sourcecode.swift; path = LobbyContainer.swift; sourceTree = "<group>"; };
		3CF9CCAB2708B16B00461E02 /* lottie-quiz-generation.json */ = {isa = PBXFileReference; fileEncoding = 4; lastKnownFileType = text.json; path = "lottie-quiz-generation.json"; sourceTree = "<group>"; };
		3CFA1EBA2708D449003560A9 /* LobbyViewModelTests.swift */ = {isa = PBXFileReference; lastKnownFileType = sourcecode.swift; path = LobbyViewModelTests.swift; sourceTree = "<group>"; };
		3CFA1EBC2708D986003560A9 /* QuizViewModelTests.swift */ = {isa = PBXFileReference; lastKnownFileType = sourcecode.swift; path = QuizViewModelTests.swift; sourceTree = "<group>"; };
		3CFA1EBE2708DCFA003560A9 /* LobbyAPIProviding.swift */ = {isa = PBXFileReference; lastKnownFileType = sourcecode.swift; path = LobbyAPIProviding.swift; sourceTree = "<group>"; };
		3CFA1EC12708DDFC003560A9 /* StubLobbyApi.swift */ = {isa = PBXFileReference; lastKnownFileType = sourcecode.swift; path = StubLobbyApi.swift; sourceTree = "<group>"; };
		3CFA1EC42708E0FD003560A9 /* Fakes.swift */ = {isa = PBXFileReference; lastKnownFileType = sourcecode.swift; path = Fakes.swift; sourceTree = "<group>"; };
		3CFAA6972710205700295EE4 /* QuizGameContainer.swift */ = {isa = PBXFileReference; lastKnownFileType = sourcecode.swift; path = QuizGameContainer.swift; sourceTree = "<group>"; };
		3CFAA6992710217200295EE4 /* QuizViewModel.swift */ = {isa = PBXFileReference; lastKnownFileType = sourcecode.swift; path = QuizViewModel.swift; sourceTree = "<group>"; };
		3CFC590927081FC800432D4E /* lottie-quiz-logo.json */ = {isa = PBXFileReference; fileEncoding = 4; lastKnownFileType = text.json; path = "lottie-quiz-logo.json"; sourceTree = "<group>"; };
		3CFC80D62700324F00141AF8 /* QuizQuestionsNetworkToUiMapper.swift */ = {isa = PBXFileReference; lastKnownFileType = sourcecode.swift; path = QuizQuestionsNetworkToUiMapper.swift; sourceTree = "<group>"; };
		3CFC80DB270039E600141AF8 /* StringUtils.swift */ = {isa = PBXFileReference; lastKnownFileType = sourcecode.swift; path = StringUtils.swift; sourceTree = "<group>"; };
		3CFC80DD27003A0F00141AF8 /* DataUtils.swift */ = {isa = PBXFileReference; lastKnownFileType = sourcecode.swift; path = DataUtils.swift; sourceTree = "<group>"; };
		3CFE76CE270F444300A4EB95 /* ResultView.swift */ = {isa = PBXFileReference; lastKnownFileType = sourcecode.swift; path = ResultView.swift; sourceTree = "<group>"; };
/* End PBXFileReference section */

/* Begin PBXFrameworksBuildPhase section */
		3C83A97E26FCE3A400A7CDAB /* Frameworks */ = {
			isa = PBXFrameworksBuildPhase;
			buildActionMask = 2147483647;
			files = (
				3C83A9BD26FCE63F00A7CDAB /* Swinject in Frameworks */,
				3CF5A65026FF07EE003812FF /* Lottie in Frameworks */,
			);
			runOnlyForDeploymentPostprocessing = 0;
		};
		3C83A98F26FCE3A600A7CDAB /* Frameworks */ = {
			isa = PBXFrameworksBuildPhase;
			buildActionMask = 2147483647;
			files = (
			);
			runOnlyForDeploymentPostprocessing = 0;
		};
		3C83A99A26FCE3A600A7CDAB /* Frameworks */ = {
			isa = PBXFrameworksBuildPhase;
			buildActionMask = 2147483647;
			files = (
			);
			runOnlyForDeploymentPostprocessing = 0;
		};
/* End PBXFrameworksBuildPhase section */

/* Begin PBXGroup section */
		3C2B9D162711684A00857CAD /* Constants */ = {
			isa = PBXGroup;
			children = (
				3CF27A562710BE8500105080 /* Colors.swift */,
				3C2B9D182711687200857CAD /* Strings.swift */,
			);
			path = Constants;
			sourceTree = "<group>";
		};
		3C5BC258270F6810007747BB /* Presentation */ = {
			isa = PBXGroup;
			children = (
				3CFE76CE270F444300A4EB95 /* ResultView.swift */,
				3C8CEF7E273F9CED00397283 /* ResultViewModel.swift */,
			);
			path = Presentation;
			sourceTree = "<group>";
		};
		3C83A97826FCE3A400A7CDAB = {
			isa = PBXGroup;
			children = (
				3C83A98326FCE3A400A7CDAB /* Trivia */,
				3C83A99526FCE3A600A7CDAB /* TriviaTests */,
				3C83A9A026FCE3A600A7CDAB /* TriviaUITests */,
				3C83A98226FCE3A400A7CDAB /* Products */,
			);
			sourceTree = "<group>";
		};
		3C83A98226FCE3A400A7CDAB /* Products */ = {
			isa = PBXGroup;
			children = (
				3C83A98126FCE3A400A7CDAB /* Trivia.app */,
				3C83A99226FCE3A600A7CDAB /* TriviaTests.xctest */,
				3C83A99D26FCE3A600A7CDAB /* TriviaUITests.xctest */,
			);
			name = Products;
			sourceTree = "<group>";
		};
		3C83A98326FCE3A400A7CDAB /* Trivia */ = {
			isa = PBXGroup;
			children = (
				3CF9CC9C2708A7FA00461E02 /* Screens */,
				3C83A9B226FCE42F00A7CDAB /* Core */,
				3CF5A2F427004CBF001A19FF /* Lottie */,
				3CFC80DA270039BC00141AF8 /* Utils */,
				3C2B9D162711684A00857CAD /* Constants */,
				3C83A98426FCE3A400A7CDAB /* TriviaApp.swift */,
				3C83A98826FCE3A600A7CDAB /* Assets.xcassets */,
				3C83A98D26FCE3A600A7CDAB /* Info.plist */,
				3C83A98A26FCE3A600A7CDAB /* Preview Content */,
			);
			path = Trivia;
			sourceTree = "<group>";
		};
		3C83A98A26FCE3A600A7CDAB /* Preview Content */ = {
			isa = PBXGroup;
			children = (
				3C83A98B26FCE3A600A7CDAB /* Preview Assets.xcassets */,
			);
			path = "Preview Content";
			sourceTree = "<group>";
		};
		3C83A99526FCE3A600A7CDAB /* TriviaTests */ = {
			isa = PBXGroup;
			children = (
				3CFA1EC32708E0F4003560A9 /* Fakes */,
				3CFA1EC02708DDEB003560A9 /* Stubs */,
				3C83A99826FCE3A600A7CDAB /* Info.plist */,
				3CFA1EBA2708D449003560A9 /* LobbyViewModelTests.swift */,
				3CFA1EBC2708D986003560A9 /* QuizViewModelTests.swift */,
				3C8496882719D16C0031C09B /* StorageServiceTests.swift */,
			);
			path = TriviaTests;
			sourceTree = "<group>";
		};
		3C83A9A026FCE3A600A7CDAB /* TriviaUITests */ = {
			isa = PBXGroup;
			children = (
				3C83A9A126FCE3A600A7CDAB /* LobbyUITests.swift */,
				3C83A9A326FCE3A600A7CDAB /* Info.plist */,
			);
			path = TriviaUITests;
			sourceTree = "<group>";
		};
		3C83A9B226FCE42F00A7CDAB /* Core */ = {
			isa = PBXGroup;
			children = (
				3C83A9B326FCE43D00A7CDAB /* HttpClient.swift */,
				3CF5A64C26FF00BA003812FF /* Result.swift */,
				3C8496862719CCE00031C09B /* StorageService.swift */,
			);
			path = Core;
			sourceTree = "<group>";
		};
		3C83A9B726FCE48E00A7CDAB /* Presentation */ = {
			isa = PBXGroup;
			children = (
				3CF225BB271C01180048CBCE /* Model */,
				3CFC80E027003A9600141AF8 /* UI */,
				3CFC80DF27003A8900141AF8 /* Mapper */,
			);
			path = Presentation;
			sourceTree = "<group>";
		};
		3C8CEF7A273F9A6000397283 /* Domain */ = {
			isa = PBXGroup;
			children = (
				3C8CEF7B273F9A6C00397283 /* Model */,
			);
			path = Domain;
			sourceTree = "<group>";
		};
		3C8CEF7B273F9A6C00397283 /* Model */ = {
			isa = PBXGroup;
			children = (
				3C8CEF7C273F9A7B00397283 /* QuizResult.swift */,
			);
			path = Model;
			sourceTree = "<group>";
		};
		3C8CEF80273F9D6C00397283 /* DI */ = {
			isa = PBXGroup;
			children = (
				3C8CEF81273F9D8900397283 /* ResultContainer.swift */,
			);
			path = DI;
			sourceTree = "<group>";
		};
		3CA4DDFD2707686C008CE27C /* Lobby */ = {
			isa = PBXGroup;
			children = (
				3CFAA69B2710283900295EE4 /* Network */,
				3CF9CCA62708A99300461E02 /* DI */,
				3CA4DDFE27076873008CE27C /* Presentation */,
			);
			path = Lobby;
			sourceTree = "<group>";
		};
		3CA4DDFE27076873008CE27C /* Presentation */ = {
			isa = PBXGroup;
			children = (
				3CF9CCA32708A8D700461E02 /* State */,
				3CF9CCA22708A8CE00461E02 /* UI */,
			);
			path = Presentation;
			sourceTree = "<group>";
		};
		3CF225BB271C01180048CBCE /* Model */ = {
			isa = PBXGroup;
			children = (
				3CF225BC271C01350048CBCE /* TriviaQuestionUi.swift */,
			);
			path = Model;
			sourceTree = "<group>";
		};
		3CF5A2F427004CBF001A19FF /* Lottie */ = {
			isa = PBXGroup;
			children = (
				3CF9CCAB2708B16B00461E02 /* lottie-quiz-generation.json */,
				3CFC590927081FC800432D4E /* lottie-quiz-logo.json */,
				3CF5A65126FF08D4003812FF /* LottieView.swift */,
				3C20953927004F4700355774 /* lottie-background.json */,
			);
			path = Lottie;
			sourceTree = "<group>";
		};
		3CF9CC9C2708A7FA00461E02 /* Screens */ = {
			isa = PBXGroup;
			children = (
				3CA4DDFD2707686C008CE27C /* Lobby */,
				3CFAEAEF26FEE29D009BAEF3 /* Quiz */,
				3CFE76CD270F442D00A4EB95 /* Results */,
			);
			path = Screens;
			sourceTree = "<group>";
		};
		3CF9CCA22708A8CE00461E02 /* UI */ = {
			isa = PBXGroup;
			children = (
				3CA4DDFF27076886008CE27C /* LobbyView.swift */,
				3CF9CCA02708A8B100461E02 /* LobbyViewModel.swift */,
			);
			path = UI;
			sourceTree = "<group>";
		};
		3CF9CCA32708A8D700461E02 /* State */ = {
			isa = PBXGroup;
			children = (
				3CF9CCA42708A8E200461E02 /* LobbyState.swift */,
			);
			path = State;
			sourceTree = "<group>";
		};
		3CF9CCA62708A99300461E02 /* DI */ = {
			isa = PBXGroup;
			children = (
				3CF9CCA72708A9A700461E02 /* LobbyContainer.swift */,
			);
			path = DI;
			sourceTree = "<group>";
		};
		3CFA1EC02708DDEB003560A9 /* Stubs */ = {
			isa = PBXGroup;
			children = (
				3CFA1EC12708DDFC003560A9 /* StubLobbyApi.swift */,
			);
			path = Stubs;
			sourceTree = "<group>";
		};
		3CFA1EC32708E0F4003560A9 /* Fakes */ = {
			isa = PBXGroup;
			children = (
				3CFA1EC42708E0FD003560A9 /* Fakes.swift */,
			);
			path = Fakes;
			sourceTree = "<group>";
		};
		3CFAA6962710204200295EE4 /* DI */ = {
			isa = PBXGroup;
			children = (
				3CFAA6972710205700295EE4 /* QuizGameContainer.swift */,
			);
			path = DI;
			sourceTree = "<group>";
		};
		3CFAA69B2710283900295EE4 /* Network */ = {
			isa = PBXGroup;
			children = (
				3CFC80E127003AA600141AF8 /* Model */,
				3CFC80E227003AB000141AF8 /* API */,
			);
			path = Network;
			sourceTree = "<group>";
		};
		3CFAEAEF26FEE29D009BAEF3 /* Quiz */ = {
			isa = PBXGroup;
			children = (
				3CFAA6962710204200295EE4 /* DI */,
				3C83A9B726FCE48E00A7CDAB /* Presentation */,
			);
			path = Quiz;
			sourceTree = "<group>";
		};
		3CFC80DA270039BC00141AF8 /* Utils */ = {
			isa = PBXGroup;
			children = (
				3CFC80DB270039E600141AF8 /* StringUtils.swift */,
				3CFC80DD27003A0F00141AF8 /* DataUtils.swift */,
			);
			path = Utils;
			sourceTree = "<group>";
		};
		3CFC80DF27003A8900141AF8 /* Mapper */ = {
			isa = PBXGroup;
			children = (
				3CFC80D62700324F00141AF8 /* QuizQuestionsNetworkToUiMapper.swift */,
			);
			path = Mapper;
			sourceTree = "<group>";
		};
		3CFC80E027003A9600141AF8 /* UI */ = {
			isa = PBXGroup;
			children = (
				3C83A98626FCE3A400A7CDAB /* QuizView.swift */,
				3CFAA6992710217200295EE4 /* QuizViewModel.swift */,
			);
			path = UI;
			sourceTree = "<group>";
		};
		3CFC80E127003AA600141AF8 /* Model */ = {
			isa = PBXGroup;
			children = (
				3C83A9B026FCE3E600A7CDAB /* QuizResponse.swift */,
			);
			path = Model;
			sourceTree = "<group>";
		};
		3CFC80E227003AB000141AF8 /* API */ = {
			isa = PBXGroup;
			children = (
				3C83A9B526FCE45F00A7CDAB /* LobbyAPI.swift */,
				3CFA1EBE2708DCFA003560A9 /* LobbyAPIProviding.swift */,
			);
			path = API;
			sourceTree = "<group>";
		};
		3CFE76CD270F442D00A4EB95 /* Results */ = {
			isa = PBXGroup;
			children = (
				3C8CEF80273F9D6C00397283 /* DI */,
				3C8CEF7A273F9A6000397283 /* Domain */,
				3C5BC258270F6810007747BB /* Presentation */,
			);
			path = Results;
			sourceTree = "<group>";
		};
/* End PBXGroup section */

/* Begin PBXNativeTarget section */
		3C83A98026FCE3A400A7CDAB /* Trivia */ = {
			isa = PBXNativeTarget;
			buildConfigurationList = 3C83A9A626FCE3A600A7CDAB /* Build configuration list for PBXNativeTarget "Trivia" */;
			buildPhases = (
				3C83A97D26FCE3A400A7CDAB /* Sources */,
				3C83A97E26FCE3A400A7CDAB /* Frameworks */,
				3C83A97F26FCE3A400A7CDAB /* Resources */,
			);
			buildRules = (
			);
			dependencies = (
			);
			name = Trivia;
			packageProductDependencies = (
				3C83A9BC26FCE63F00A7CDAB /* Swinject */,
				3CF5A64F26FF07EE003812FF /* Lottie */,
			);
			productName = RickAndMorty;
			productReference = 3C83A98126FCE3A400A7CDAB /* Trivia.app */;
			productType = "com.apple.product-type.application";
		};
		3C83A99126FCE3A600A7CDAB /* TriviaTests */ = {
			isa = PBXNativeTarget;
			buildConfigurationList = 3C83A9A926FCE3A600A7CDAB /* Build configuration list for PBXNativeTarget "TriviaTests" */;
			buildPhases = (
				3C83A98E26FCE3A600A7CDAB /* Sources */,
				3C83A98F26FCE3A600A7CDAB /* Frameworks */,
				3C83A99026FCE3A600A7CDAB /* Resources */,
			);
			buildRules = (
			);
			dependencies = (
				3C83A99426FCE3A600A7CDAB /* PBXTargetDependency */,
			);
			name = TriviaTests;
			productName = RickAndMortyTests;
			productReference = 3C83A99226FCE3A600A7CDAB /* TriviaTests.xctest */;
			productType = "com.apple.product-type.bundle.unit-test";
		};
		3C83A99C26FCE3A600A7CDAB /* TriviaUITests */ = {
			isa = PBXNativeTarget;
			buildConfigurationList = 3C83A9AC26FCE3A600A7CDAB /* Build configuration list for PBXNativeTarget "TriviaUITests" */;
			buildPhases = (
				3C83A99926FCE3A600A7CDAB /* Sources */,
				3C83A99A26FCE3A600A7CDAB /* Frameworks */,
				3C83A99B26FCE3A600A7CDAB /* Resources */,
			);
			buildRules = (
			);
			dependencies = (
				3C83A99F26FCE3A600A7CDAB /* PBXTargetDependency */,
			);
			name = TriviaUITests;
			productName = RickAndMortyUITests;
			productReference = 3C83A99D26FCE3A600A7CDAB /* TriviaUITests.xctest */;
			productType = "com.apple.product-type.bundle.ui-testing";
		};
/* End PBXNativeTarget section */

/* Begin PBXProject section */
		3C83A97926FCE3A400A7CDAB /* Project object */ = {
			isa = PBXProject;
			attributes = {
				LastSwiftUpdateCheck = 1250;
				LastUpgradeCheck = 1250;
				TargetAttributes = {
					3C83A98026FCE3A400A7CDAB = {
						CreatedOnToolsVersion = 12.5.1;
					};
					3C83A99126FCE3A600A7CDAB = {
						CreatedOnToolsVersion = 12.5.1;
						TestTargetID = 3C83A98026FCE3A400A7CDAB;
					};
					3C83A99C26FCE3A600A7CDAB = {
						CreatedOnToolsVersion = 12.5.1;
						TestTargetID = 3C83A98026FCE3A400A7CDAB;
					};
				};
			};
			buildConfigurationList = 3C83A97C26FCE3A400A7CDAB /* Build configuration list for PBXProject "Trivia" */;
			compatibilityVersion = "Xcode 9.3";
			developmentRegion = en;
			hasScannedForEncodings = 0;
			knownRegions = (
				en,
				Base,
			);
			mainGroup = 3C83A97826FCE3A400A7CDAB;
			packageReferences = (
				3C83A9BB26FCE63F00A7CDAB /* XCRemoteSwiftPackageReference "Swinject" */,
				3CF5A64E26FF07EE003812FF /* XCRemoteSwiftPackageReference "lottie-ios" */,
			);
			productRefGroup = 3C83A98226FCE3A400A7CDAB /* Products */;
			projectDirPath = "";
			projectRoot = "";
			targets = (
				3C83A98026FCE3A400A7CDAB /* Trivia */,
				3C83A99126FCE3A600A7CDAB /* TriviaTests */,
				3C83A99C26FCE3A600A7CDAB /* TriviaUITests */,
			);
		};
/* End PBXProject section */

/* Begin PBXResourcesBuildPhase section */
		3C83A97F26FCE3A400A7CDAB /* Resources */ = {
			isa = PBXResourcesBuildPhase;
			buildActionMask = 2147483647;
			files = (
				3C20953C27004F4700355774 /* lottie-background.json in Resources */,
				3CF9CCAC2708B16B00461E02 /* lottie-quiz-generation.json in Resources */,
				3C83A98C26FCE3A600A7CDAB /* Preview Assets.xcassets in Resources */,
				3C83A98926FCE3A600A7CDAB /* Assets.xcassets in Resources */,
				3CFC590A27081FC800432D4E /* lottie-quiz-logo.json in Resources */,
			);
			runOnlyForDeploymentPostprocessing = 0;
		};
		3C83A99026FCE3A600A7CDAB /* Resources */ = {
			isa = PBXResourcesBuildPhase;
			buildActionMask = 2147483647;
			files = (
			);
			runOnlyForDeploymentPostprocessing = 0;
		};
		3C83A99B26FCE3A600A7CDAB /* Resources */ = {
			isa = PBXResourcesBuildPhase;
			buildActionMask = 2147483647;
			files = (
			);
			runOnlyForDeploymentPostprocessing = 0;
		};
/* End PBXResourcesBuildPhase section */

/* Begin PBXSourcesBuildPhase section */
		3C83A97D26FCE3A400A7CDAB /* Sources */ = {
			isa = PBXSourcesBuildPhase;
			buildActionMask = 2147483647;
			files = (
				3C83A98726FCE3A400A7CDAB /* QuizView.swift in Sources */,
				3CFE76CF270F444300A4EB95 /* ResultView.swift in Sources */,
				3C8CEF82273F9D8900397283 /* ResultContainer.swift in Sources */,
				3C2B9D192711687200857CAD /* Strings.swift in Sources */,
				3CF9CCA12708A8B100461E02 /* LobbyViewModel.swift in Sources */,
				3CFC80DE27003A0F00141AF8 /* DataUtils.swift in Sources */,
				3C83A9B626FCE45F00A7CDAB /* LobbyAPI.swift in Sources */,
				3CF225BD271C01350048CBCE /* TriviaQuestionUi.swift in Sources */,
				3CFAA69A2710217200295EE4 /* QuizViewModel.swift in Sources */,
				3CF5A65226FF08D4003812FF /* LottieView.swift in Sources */,
				3C83A9B126FCE3E600A7CDAB /* QuizResponse.swift in Sources */,
				3C8CEF7D273F9A7B00397283 /* QuizResult.swift in Sources */,
				3C83A9B426FCE43D00A7CDAB /* HttpClient.swift in Sources */,
				3CFAA6982710205700295EE4 /* QuizGameContainer.swift in Sources */,
				3CFC80D72700324F00141AF8 /* QuizQuestionsNetworkToUiMapper.swift in Sources */,
				3C83A98526FCE3A400A7CDAB /* TriviaApp.swift in Sources */,
				3C8496872719CCE00031C09B /* StorageService.swift in Sources */,
				3CF27A572710BE8500105080 /* Colors.swift in Sources */,
				3CF9CCA82708A9A700461E02 /* LobbyContainer.swift in Sources */,
				3CFA1EBF2708DCFA003560A9 /* LobbyAPIProviding.swift in Sources */,
				3C8CEF7F273F9CED00397283 /* ResultViewModel.swift in Sources */,
				3CFC80DC270039E600141AF8 /* StringUtils.swift in Sources */,
				3CA4DE0027076886008CE27C /* LobbyView.swift in Sources */,
				3CF9CCA52708A8E200461E02 /* LobbyState.swift in Sources */,
				3CF5A64D26FF00BA003812FF /* Result.swift in Sources */,
			);
			runOnlyForDeploymentPostprocessing = 0;
		};
		3C83A98E26FCE3A600A7CDAB /* Sources */ = {
			isa = PBXSourcesBuildPhase;
			buildActionMask = 2147483647;
			files = (
				3CFA1EC52708E0FD003560A9 /* Fakes.swift in Sources */,
				3C8496892719D16C0031C09B /* StorageServiceTests.swift in Sources */,
				3CFA1EBB2708D449003560A9 /* LobbyViewModelTests.swift in Sources */,
				3CFA1EBD2708D986003560A9 /* QuizViewModelTests.swift in Sources */,
				3CFA1EC22708DDFC003560A9 /* StubLobbyApi.swift in Sources */,
			);
			runOnlyForDeploymentPostprocessing = 0;
		};
		3C83A99926FCE3A600A7CDAB /* Sources */ = {
			isa = PBXSourcesBuildPhase;
			buildActionMask = 2147483647;
			files = (
				3C83A9A226FCE3A600A7CDAB /* LobbyUITests.swift in Sources */,
			);
			runOnlyForDeploymentPostprocessing = 0;
		};
/* End PBXSourcesBuildPhase section */

/* Begin PBXTargetDependency section */
		3C83A99426FCE3A600A7CDAB /* PBXTargetDependency */ = {
			isa = PBXTargetDependency;
			target = 3C83A98026FCE3A400A7CDAB /* Trivia */;
			targetProxy = 3C83A99326FCE3A600A7CDAB /* PBXContainerItemProxy */;
		};
		3C83A99F26FCE3A600A7CDAB /* PBXTargetDependency */ = {
			isa = PBXTargetDependency;
			target = 3C83A98026FCE3A400A7CDAB /* Trivia */;
			targetProxy = 3C83A99E26FCE3A600A7CDAB /* PBXContainerItemProxy */;
		};
/* End PBXTargetDependency section */

/* Begin XCBuildConfiguration section */
		3C83A9A426FCE3A600A7CDAB /* Debug */ = {
			isa = XCBuildConfiguration;
			buildSettings = {
				ALWAYS_SEARCH_USER_PATHS = NO;
				CLANG_ANALYZER_NONNULL = YES;
				CLANG_ANALYZER_NUMBER_OBJECT_CONVERSION = YES_AGGRESSIVE;
				CLANG_CXX_LANGUAGE_STANDARD = "gnu++14";
				CLANG_CXX_LIBRARY = "libc++";
				CLANG_ENABLE_MODULES = YES;
				CLANG_ENABLE_OBJC_ARC = YES;
				CLANG_ENABLE_OBJC_WEAK = YES;
				CLANG_WARN_BLOCK_CAPTURE_AUTORELEASING = YES;
				CLANG_WARN_BOOL_CONVERSION = YES;
				CLANG_WARN_COMMA = YES;
				CLANG_WARN_CONSTANT_CONVERSION = YES;
				CLANG_WARN_DEPRECATED_OBJC_IMPLEMENTATIONS = YES;
				CLANG_WARN_DIRECT_OBJC_ISA_USAGE = YES_ERROR;
				CLANG_WARN_DOCUMENTATION_COMMENTS = YES;
				CLANG_WARN_EMPTY_BODY = YES;
				CLANG_WARN_ENUM_CONVERSION = YES;
				CLANG_WARN_INFINITE_RECURSION = YES;
				CLANG_WARN_INT_CONVERSION = YES;
				CLANG_WARN_NON_LITERAL_NULL_CONVERSION = YES;
				CLANG_WARN_OBJC_IMPLICIT_RETAIN_SELF = YES;
				CLANG_WARN_OBJC_LITERAL_CONVERSION = YES;
				CLANG_WARN_OBJC_ROOT_CLASS = YES_ERROR;
				CLANG_WARN_QUOTED_INCLUDE_IN_FRAMEWORK_HEADER = YES;
				CLANG_WARN_RANGE_LOOP_ANALYSIS = YES;
				CLANG_WARN_STRICT_PROTOTYPES = YES;
				CLANG_WARN_SUSPICIOUS_MOVE = YES;
				CLANG_WARN_UNGUARDED_AVAILABILITY = YES_AGGRESSIVE;
				CLANG_WARN_UNREACHABLE_CODE = YES;
				CLANG_WARN__DUPLICATE_METHOD_MATCH = YES;
				COPY_PHASE_STRIP = NO;
				DEBUG_INFORMATION_FORMAT = dwarf;
				ENABLE_STRICT_OBJC_MSGSEND = YES;
				ENABLE_TESTABILITY = YES;
				GCC_C_LANGUAGE_STANDARD = gnu11;
				GCC_DYNAMIC_NO_PIC = NO;
				GCC_NO_COMMON_BLOCKS = YES;
				GCC_OPTIMIZATION_LEVEL = 0;
				GCC_PREPROCESSOR_DEFINITIONS = (
					"DEBUG=1",
					"$(inherited)",
				);
				GCC_WARN_64_TO_32_BIT_CONVERSION = YES;
				GCC_WARN_ABOUT_RETURN_TYPE = YES_ERROR;
				GCC_WARN_UNDECLARED_SELECTOR = YES;
				GCC_WARN_UNINITIALIZED_AUTOS = YES_AGGRESSIVE;
				GCC_WARN_UNUSED_FUNCTION = YES;
				GCC_WARN_UNUSED_VARIABLE = YES;
				IPHONEOS_DEPLOYMENT_TARGET = 14.5;
				MTL_ENABLE_DEBUG_INFO = INCLUDE_SOURCE;
				MTL_FAST_MATH = YES;
				ONLY_ACTIVE_ARCH = YES;
				SDKROOT = iphoneos;
				SWIFT_ACTIVE_COMPILATION_CONDITIONS = DEBUG;
				SWIFT_OPTIMIZATION_LEVEL = "-Onone";
			};
			name = Debug;
		};
		3C83A9A526FCE3A600A7CDAB /* Release */ = {
			isa = XCBuildConfiguration;
			buildSettings = {
				ALWAYS_SEARCH_USER_PATHS = NO;
				CLANG_ANALYZER_NONNULL = YES;
				CLANG_ANALYZER_NUMBER_OBJECT_CONVERSION = YES_AGGRESSIVE;
				CLANG_CXX_LANGUAGE_STANDARD = "gnu++14";
				CLANG_CXX_LIBRARY = "libc++";
				CLANG_ENABLE_MODULES = YES;
				CLANG_ENABLE_OBJC_ARC = YES;
				CLANG_ENABLE_OBJC_WEAK = YES;
				CLANG_WARN_BLOCK_CAPTURE_AUTORELEASING = YES;
				CLANG_WARN_BOOL_CONVERSION = YES;
				CLANG_WARN_COMMA = YES;
				CLANG_WARN_CONSTANT_CONVERSION = YES;
				CLANG_WARN_DEPRECATED_OBJC_IMPLEMENTATIONS = YES;
				CLANG_WARN_DIRECT_OBJC_ISA_USAGE = YES_ERROR;
				CLANG_WARN_DOCUMENTATION_COMMENTS = YES;
				CLANG_WARN_EMPTY_BODY = YES;
				CLANG_WARN_ENUM_CONVERSION = YES;
				CLANG_WARN_INFINITE_RECURSION = YES;
				CLANG_WARN_INT_CONVERSION = YES;
				CLANG_WARN_NON_LITERAL_NULL_CONVERSION = YES;
				CLANG_WARN_OBJC_IMPLICIT_RETAIN_SELF = YES;
				CLANG_WARN_OBJC_LITERAL_CONVERSION = YES;
				CLANG_WARN_OBJC_ROOT_CLASS = YES_ERROR;
				CLANG_WARN_QUOTED_INCLUDE_IN_FRAMEWORK_HEADER = YES;
				CLANG_WARN_RANGE_LOOP_ANALYSIS = YES;
				CLANG_WARN_STRICT_PROTOTYPES = YES;
				CLANG_WARN_SUSPICIOUS_MOVE = YES;
				CLANG_WARN_UNGUARDED_AVAILABILITY = YES_AGGRESSIVE;
				CLANG_WARN_UNREACHABLE_CODE = YES;
				CLANG_WARN__DUPLICATE_METHOD_MATCH = YES;
				COPY_PHASE_STRIP = NO;
				DEBUG_INFORMATION_FORMAT = "dwarf-with-dsym";
				ENABLE_NS_ASSERTIONS = NO;
				ENABLE_STRICT_OBJC_MSGSEND = YES;
				GCC_C_LANGUAGE_STANDARD = gnu11;
				GCC_NO_COMMON_BLOCKS = YES;
				GCC_WARN_64_TO_32_BIT_CONVERSION = YES;
				GCC_WARN_ABOUT_RETURN_TYPE = YES_ERROR;
				GCC_WARN_UNDECLARED_SELECTOR = YES;
				GCC_WARN_UNINITIALIZED_AUTOS = YES_AGGRESSIVE;
				GCC_WARN_UNUSED_FUNCTION = YES;
				GCC_WARN_UNUSED_VARIABLE = YES;
				IPHONEOS_DEPLOYMENT_TARGET = 14.5;
				MTL_ENABLE_DEBUG_INFO = NO;
				MTL_FAST_MATH = YES;
				SDKROOT = iphoneos;
				SWIFT_COMPILATION_MODE = wholemodule;
				SWIFT_OPTIMIZATION_LEVEL = "-O";
				VALIDATE_PRODUCT = YES;
			};
			name = Release;
		};
		3C83A9A726FCE3A600A7CDAB /* Debug */ = {
			isa = XCBuildConfiguration;
			buildSettings = {
				ASSETCATALOG_COMPILER_APPICON_NAME = AppIcon;
				ASSETCATALOG_COMPILER_GLOBAL_ACCENT_COLOR_NAME = AccentColor;
				CODE_SIGN_STYLE = Automatic;
				DEVELOPMENT_ASSET_PATHS = "\"Trivia/Preview Content\"";
				ENABLE_PREVIEWS = YES;
				INFOPLIST_FILE = "$(SRCROOT)/Trivia/Info.plist";
				IPHONEOS_DEPLOYMENT_TARGET = 14.0;
				LD_RUNPATH_SEARCH_PATHS = (
					"$(inherited)",
					"@executable_path/Frameworks",
				);
				PRODUCT_BUNDLE_IDENTIFIER = com.example.Trivia;
				PRODUCT_NAME = "$(TARGET_NAME)";
				SWIFT_VERSION = 5.0;
				TARGETED_DEVICE_FAMILY = "1,2";
			};
			name = Debug;
		};
		3C83A9A826FCE3A600A7CDAB /* Release */ = {
			isa = XCBuildConfiguration;
			buildSettings = {
				ASSETCATALOG_COMPILER_APPICON_NAME = AppIcon;
				ASSETCATALOG_COMPILER_GLOBAL_ACCENT_COLOR_NAME = AccentColor;
				CODE_SIGN_STYLE = Automatic;
				DEVELOPMENT_ASSET_PATHS = "\"Trivia/Preview Content\"";
				ENABLE_PREVIEWS = YES;
				INFOPLIST_FILE = "$(SRCROOT)/Trivia/Info.plist";
				IPHONEOS_DEPLOYMENT_TARGET = 14.0;
				LD_RUNPATH_SEARCH_PATHS = (
					"$(inherited)",
					"@executable_path/Frameworks",
				);
				PRODUCT_BUNDLE_IDENTIFIER = com.example.Trivia;
				PRODUCT_NAME = "$(TARGET_NAME)";
				SWIFT_VERSION = 5.0;
				TARGETED_DEVICE_FAMILY = "1,2";
			};
			name = Release;
		};
		3C83A9AA26FCE3A600A7CDAB /* Debug */ = {
			isa = XCBuildConfiguration;
			buildSettings = {
				ALWAYS_EMBED_SWIFT_STANDARD_LIBRARIES = YES;
				BUNDLE_LOADER = "$(TEST_HOST)";
				CODE_SIGN_STYLE = Automatic;
				INFOPLIST_FILE = Trivia/Info.plist;
				IPHONEOS_DEPLOYMENT_TARGET = 14.0;
				LD_RUNPATH_SEARCH_PATHS = (
					"$(inherited)",
					"@executable_path/Frameworks",
					"@loader_path/Frameworks",
				);
				PRODUCT_BUNDLE_IDENTIFIER = com.example.TriviaTests;
				PRODUCT_NAME = "$(TARGET_NAME)";
				SWIFT_VERSION = 5.0;
				TARGETED_DEVICE_FAMILY = "1,2";
				TEST_HOST = "$(BUILT_PRODUCTS_DIR)/Trivia.app/Trivia";
			};
			name = Debug;
		};
		3C83A9AB26FCE3A600A7CDAB /* Release */ = {
			isa = XCBuildConfiguration;
			buildSettings = {
				ALWAYS_EMBED_SWIFT_STANDARD_LIBRARIES = YES;
				BUNDLE_LOADER = "$(TEST_HOST)";
				CODE_SIGN_STYLE = Automatic;
				INFOPLIST_FILE = Trivia/Info.plist;
				IPHONEOS_DEPLOYMENT_TARGET = 14.0;
				LD_RUNPATH_SEARCH_PATHS = (
					"$(inherited)",
					"@executable_path/Frameworks",
					"@loader_path/Frameworks",
				);
				PRODUCT_BUNDLE_IDENTIFIER = com.example.TriviaTests;
				PRODUCT_NAME = "$(TARGET_NAME)";
				SWIFT_VERSION = 5.0;
				TARGETED_DEVICE_FAMILY = "1,2";
				TEST_HOST = "$(BUILT_PRODUCTS_DIR)/Trivia.app/Trivia";
			};
			name = Release;
		};
		3C83A9AD26FCE3A600A7CDAB /* Debug */ = {
			isa = XCBuildConfiguration;
			buildSettings = {
				ALWAYS_EMBED_SWIFT_STANDARD_LIBRARIES = YES;
				CODE_SIGN_STYLE = Automatic;
				INFOPLIST_FILE = TriviaUITests/Info.plist;
				LD_RUNPATH_SEARCH_PATHS = (
					"$(inherited)",
					"@executable_path/Frameworks",
					"@loader_path/Frameworks",
				);
				PRODUCT_BUNDLE_IDENTIFIER = com.example.TriviaUITests;
				PRODUCT_NAME = "$(TARGET_NAME)";
				PROVISIONING_PROFILE = "";
				SWIFT_VERSION = 5.0;
				TARGETED_DEVICE_FAMILY = "1,2";
				TEST_TARGET_NAME = Trivia;
			};
			name = Debug;
		};
		3C83A9AE26FCE3A600A7CDAB /* Release */ = {
			isa = XCBuildConfiguration;
			buildSettings = {
				ALWAYS_EMBED_SWIFT_STANDARD_LIBRARIES = YES;
				CODE_SIGN_STYLE = Automatic;
				INFOPLIST_FILE = TriviaUITests/Info.plist;
				LD_RUNPATH_SEARCH_PATHS = (
					"$(inherited)",
					"@executable_path/Frameworks",
					"@loader_path/Frameworks",
				);
				PRODUCT_BUNDLE_IDENTIFIER = com.example.TriviaUITests;
				PRODUCT_NAME = "$(TARGET_NAME)";
				PROVISIONING_PROFILE = "";
				SWIFT_VERSION = 5.0;
				TARGETED_DEVICE_FAMILY = "1,2";
				TEST_TARGET_NAME = Trivia;
			};
			name = Release;
		};
/* End XCBuildConfiguration section */

/* Begin XCConfigurationList section */
		3C83A97C26FCE3A400A7CDAB /* Build configuration list for PBXProject "Trivia" */ = {
			isa = XCConfigurationList;
			buildConfigurations = (
				3C83A9A426FCE3A600A7CDAB /* Debug */,
				3C83A9A526FCE3A600A7CDAB /* Release */,
			);
			defaultConfigurationIsVisible = 0;
			defaultConfigurationName = Release;
		};
		3C83A9A626FCE3A600A7CDAB /* Build configuration list for PBXNativeTarget "Trivia" */ = {
			isa = XCConfigurationList;
			buildConfigurations = (
				3C83A9A726FCE3A600A7CDAB /* Debug */,
				3C83A9A826FCE3A600A7CDAB /* Release */,
			);
			defaultConfigurationIsVisible = 0;
			defaultConfigurationName = Release;
		};
		3C83A9A926FCE3A600A7CDAB /* Build configuration list for PBXNativeTarget "TriviaTests" */ = {
			isa = XCConfigurationList;
			buildConfigurations = (
				3C83A9AA26FCE3A600A7CDAB /* Debug */,
				3C83A9AB26FCE3A600A7CDAB /* Release */,
			);
			defaultConfigurationIsVisible = 0;
			defaultConfigurationName = Release;
		};
		3C83A9AC26FCE3A600A7CDAB /* Build configuration list for PBXNativeTarget "TriviaUITests" */ = {
			isa = XCConfigurationList;
			buildConfigurations = (
				3C83A9AD26FCE3A600A7CDAB /* Debug */,
				3C83A9AE26FCE3A600A7CDAB /* Release */,
			);
			defaultConfigurationIsVisible = 0;
			defaultConfigurationName = Release;
		};
/* End XCConfigurationList section */

/* Begin XCRemoteSwiftPackageReference section */
		3C83A9BB26FCE63F00A7CDAB /* XCRemoteSwiftPackageReference "Swinject" */ = {
			isa = XCRemoteSwiftPackageReference;
			repositoryURL = "https://github.com/Swinject/Swinject";
			requirement = {
				kind = upToNextMajorVersion;
				minimumVersion = 2.8.0;
			};
		};
		3CF5A64E26FF07EE003812FF /* XCRemoteSwiftPackageReference "lottie-ios" */ = {
			isa = XCRemoteSwiftPackageReference;
			repositoryURL = "https://github.com/airbnb/lottie-ios";
			requirement = {
				kind = upToNextMajorVersion;
				minimumVersion = 3.2.3;
			};
		};
/* End XCRemoteSwiftPackageReference section */

/* Begin XCSwiftPackageProductDependency section */
		3C83A9BC26FCE63F00A7CDAB /* Swinject */ = {
			isa = XCSwiftPackageProductDependency;
			package = 3C83A9BB26FCE63F00A7CDAB /* XCRemoteSwiftPackageReference "Swinject" */;
			productName = Swinject;
		};
		3CF5A64F26FF07EE003812FF /* Lottie */ = {
			isa = XCSwiftPackageProductDependency;
			package = 3CF5A64E26FF07EE003812FF /* XCRemoteSwiftPackageReference "lottie-ios" */;
			productName = Lottie;
		};
/* End XCSwiftPackageProductDependency section */
	};
	rootObject = 3C83A97926FCE3A400A7CDAB /* Project object */;
}
